// !$*UTF8*$!
{
	archiveVersion = 1;
	classes = {
	};
	objectVersion = 46;
	objects = {

/* Begin PBXBuildFile section */
		144D783F90B8001E22896088 /* libPods.a in Frameworks */ = {isa = PBXBuildFile; fileRef = 92EF67BCDD300ECD7EC666E6 /* libPods.a */; };
		A13A4ACA1AEB93B5002EB070 /* Button.m in Sources */ = {isa = PBXBuildFile; fileRef = A13A4AC91AEB93B5002EB070 /* Button.m */; };
		A13A4ACD1AEB93D5002EB070 /* TextField.m in Sources */ = {isa = PBXBuildFile; fileRef = A13A4ACC1AEB93D5002EB070 /* TextField.m */; };
		A13A4ACF1AEB9482002EB070 /* BeforeLogin.storyboard in Resources */ = {isa = PBXBuildFile; fileRef = A13A4ACE1AEB9482002EB070 /* BeforeLogin.storyboard */; };
		A13A4AE61AEBD5B3002EB070 /* UIStoryboard+Storyboards.m in Sources */ = {isa = PBXBuildFile; fileRef = A13A4AE51AEBD5B3002EB070 /* UIStoryboard+Storyboards.m */; };
		A13D41491AEAA3D300B0343E /* main.m in Sources */ = {isa = PBXBuildFile; fileRef = A13D41481AEAA3D300B0343E /* main.m */; };
		A13D414C1AEAA3D300B0343E /* AppDelegate.m in Sources */ = {isa = PBXBuildFile; fileRef = A13D414B1AEAA3D300B0343E /* AppDelegate.m */; };
		A13D414F1AEAA3D300B0343E /* OpenPKW.xcdatamodeld in Sources */ = {isa = PBXBuildFile; fileRef = A13D414D1AEAA3D300B0343E /* OpenPKW.xcdatamodeld */; };
		A13D41551AEAA3D300B0343E /* Main.storyboard in Resources */ = {isa = PBXBuildFile; fileRef = A13D41531AEAA3D300B0343E /* Main.storyboard */; };
		A13D41571AEAA3D300B0343E /* Images.xcassets in Resources */ = {isa = PBXBuildFile; fileRef = A13D41561AEAA3D300B0343E /* Images.xcassets */; };
		A13D41661AEAA3D300B0343E /* OpenPKWTests.m in Sources */ = {isa = PBXBuildFile; fileRef = A13D41651AEAA3D300B0343E /* OpenPKWTests.m */; };
		A13D41721AEAAF7100B0343E /* OpenPKW-Data.plist in Resources */ = {isa = PBXBuildFile; fileRef = A13D41711AEAAF7100B0343E /* OpenPKW-Data.plist */; };
		A13D41751AEAAFE200B0343E /* OpenPKWData.m in Sources */ = {isa = PBXBuildFile; fileRef = A13D41741AEAAFE200B0343E /* OpenPKWData.m */; };
		A14943F11AF00377008E62F7 /* Andrzej.storyboard in Resources */ = {isa = PBXBuildFile; fileRef = A14943F01AF00377008E62F7 /* Andrzej.storyboard */; };
		BA026D501AF3A99C00E6CC04 /* VerticalTitleInputFieldCell.m in Sources */ = {isa = PBXBuildFile; fileRef = BA026D4F1AF3A99C00E6CC04 /* VerticalTitleInputFieldCell.m */; };
		BA95309B1AF388030021DBF2 /* ElectoralCommisionAddViewController.m in Sources */ = {isa = PBXBuildFile; fileRef = BA95309A1AF388030021DBF2 /* ElectoralCommisionAddViewController.m */; };
		BB9FAE901AF2CBED00200DE7 /* AbstractNavigationController.m in Sources */ = {isa = PBXBuildFile; fileRef = BB9FAE8B1AF2CBED00200DE7 /* AbstractNavigationController.m */; };
		BB9FAE911AF2CBED00200DE7 /* AbstractTableViewController.m in Sources */ = {isa = PBXBuildFile; fileRef = BB9FAE8D1AF2CBED00200DE7 /* AbstractTableViewController.m */; };
		BB9FAE921AF2CBED00200DE7 /* AbstractViewController.m in Sources */ = {isa = PBXBuildFile; fileRef = BB9FAE8F1AF2CBED00200DE7 /* AbstractViewController.m */; };
		BB9FAE961AF2CD9500200DE7 /* ElectoralCommissionSelectionViewController.m in Sources */ = {isa = PBXBuildFile; fileRef = BB9FAE951AF2CD9500200DE7 /* ElectoralCommissionSelectionViewController.m */; };
/* End PBXBuildFile section */

/* Begin PBXContainerItemProxy section */
		A13D41601AEAA3D300B0343E /* PBXContainerItemProxy */ = {
			isa = PBXContainerItemProxy;
			containerPortal = A13D413B1AEAA3D300B0343E /* Project object */;
			proxyType = 1;
			remoteGlobalIDString = A13D41421AEAA3D300B0343E;
			remoteInfo = OpenPKW;
		};
/* End PBXContainerItemProxy section */

/* Begin PBXFileReference section */
		2B2F6E7666B665DA884C1F93 /* Pods.debug.xcconfig */ = {isa = PBXFileReference; includeInIndex = 1; lastKnownFileType = text.xcconfig; name = Pods.debug.xcconfig; path = "Pods/Target Support Files/Pods/Pods.debug.xcconfig"; sourceTree = "<group>"; };
		51B1D3FBF9EAD05D6B420DC4 /* Pods.release.xcconfig */ = {isa = PBXFileReference; includeInIndex = 1; lastKnownFileType = text.xcconfig; name = Pods.release.xcconfig; path = "Pods/Target Support Files/Pods/Pods.release.xcconfig"; sourceTree = "<group>"; };
		92EF67BCDD300ECD7EC666E6 /* libPods.a */ = {isa = PBXFileReference; explicitFileType = archive.ar; includeInIndex = 0; path = libPods.a; sourceTree = BUILT_PRODUCTS_DIR; };
		A13A4AC81AEB93B5002EB070 /* Button.h */ = {isa = PBXFileReference; fileEncoding = 4; lastKnownFileType = sourcecode.c.h; path = Button.h; sourceTree = "<group>"; };
		A13A4AC91AEB93B5002EB070 /* Button.m */ = {isa = PBXFileReference; fileEncoding = 4; lastKnownFileType = sourcecode.c.objc; path = Button.m; sourceTree = "<group>"; };
		A13A4ACB1AEB93D5002EB070 /* TextField.h */ = {isa = PBXFileReference; fileEncoding = 4; lastKnownFileType = sourcecode.c.h; path = TextField.h; sourceTree = "<group>"; };
		A13A4ACC1AEB93D5002EB070 /* TextField.m */ = {isa = PBXFileReference; fileEncoding = 4; lastKnownFileType = sourcecode.c.objc; path = TextField.m; sourceTree = "<group>"; };
		A13A4ACE1AEB9482002EB070 /* BeforeLogin.storyboard */ = {isa = PBXFileReference; fileEncoding = 4; lastKnownFileType = file.storyboard; path = BeforeLogin.storyboard; sourceTree = "<group>"; };
		A13A4AE41AEBD5B3002EB070 /* UIStoryboard+Storyboards.h */ = {isa = PBXFileReference; fileEncoding = 4; lastKnownFileType = sourcecode.c.h; path = "UIStoryboard+Storyboards.h"; sourceTree = "<group>"; };
		A13A4AE51AEBD5B3002EB070 /* UIStoryboard+Storyboards.m */ = {isa = PBXFileReference; fileEncoding = 4; lastKnownFileType = sourcecode.c.objc; path = "UIStoryboard+Storyboards.m"; sourceTree = "<group>"; };
		A13D41431AEAA3D300B0343E /* OpenPKW.app */ = {isa = PBXFileReference; explicitFileType = wrapper.application; includeInIndex = 0; path = OpenPKW.app; sourceTree = BUILT_PRODUCTS_DIR; };
		A13D41471AEAA3D300B0343E /* Info.plist */ = {isa = PBXFileReference; lastKnownFileType = text.plist.xml; path = Info.plist; sourceTree = "<group>"; };
		A13D41481AEAA3D300B0343E /* main.m */ = {isa = PBXFileReference; lastKnownFileType = sourcecode.c.objc; path = main.m; sourceTree = "<group>"; };
		A13D414A1AEAA3D300B0343E /* AppDelegate.h */ = {isa = PBXFileReference; lastKnownFileType = sourcecode.c.h; path = AppDelegate.h; sourceTree = "<group>"; };
		A13D414B1AEAA3D300B0343E /* AppDelegate.m */ = {isa = PBXFileReference; lastKnownFileType = sourcecode.c.objc; path = AppDelegate.m; sourceTree = "<group>"; };
		A13D414E1AEAA3D300B0343E /* OpenPKW.xcdatamodel */ = {isa = PBXFileReference; lastKnownFileType = wrapper.xcdatamodel; path = OpenPKW.xcdatamodel; sourceTree = "<group>"; };
		A13D41541AEAA3D300B0343E /* Base */ = {isa = PBXFileReference; lastKnownFileType = file.storyboard; name = Base; path = Base.lproj/Main.storyboard; sourceTree = "<group>"; };
		A13D41561AEAA3D300B0343E /* Images.xcassets */ = {isa = PBXFileReference; lastKnownFileType = folder.assetcatalog; path = Images.xcassets; sourceTree = "<group>"; };
		A13D415F1AEAA3D300B0343E /* OpenPKWTests.xctest */ = {isa = PBXFileReference; explicitFileType = wrapper.cfbundle; includeInIndex = 0; path = OpenPKWTests.xctest; sourceTree = BUILT_PRODUCTS_DIR; };
		A13D41641AEAA3D300B0343E /* Info.plist */ = {isa = PBXFileReference; lastKnownFileType = text.plist.xml; path = Info.plist; sourceTree = "<group>"; };
		A13D41651AEAA3D300B0343E /* OpenPKWTests.m */ = {isa = PBXFileReference; lastKnownFileType = sourcecode.c.objc; path = OpenPKWTests.m; sourceTree = "<group>"; };
		A13D41711AEAAF7100B0343E /* OpenPKW-Data.plist */ = {isa = PBXFileReference; fileEncoding = 4; lastKnownFileType = text.plist.xml; path = "OpenPKW-Data.plist"; sourceTree = "<group>"; };
		A13D41731AEAAFE200B0343E /* OpenPKWData.h */ = {isa = PBXFileReference; fileEncoding = 4; lastKnownFileType = sourcecode.c.h; path = OpenPKWData.h; sourceTree = "<group>"; };
		A13D41741AEAAFE200B0343E /* OpenPKWData.m */ = {isa = PBXFileReference; fileEncoding = 4; lastKnownFileType = sourcecode.c.objc; path = OpenPKWData.m; sourceTree = "<group>"; };
		A14943F01AF00377008E62F7 /* Andrzej.storyboard */ = {isa = PBXFileReference; fileEncoding = 4; lastKnownFileType = file.storyboard; path = Andrzej.storyboard; sourceTree = "<group>"; };
		BA026D4E1AF3A99C00E6CC04 /* VerticalTitleInputFieldCell.h */ = {isa = PBXFileReference; fileEncoding = 4; lastKnownFileType = sourcecode.c.h; path = VerticalTitleInputFieldCell.h; sourceTree = "<group>"; };
		BA026D4F1AF3A99C00E6CC04 /* VerticalTitleInputFieldCell.m */ = {isa = PBXFileReference; fileEncoding = 4; lastKnownFileType = sourcecode.c.objc; path = VerticalTitleInputFieldCell.m; sourceTree = "<group>"; };
		BA9530991AF388030021DBF2 /* ElectoralCommisionAddViewController.h */ = {isa = PBXFileReference; fileEncoding = 4; lastKnownFileType = sourcecode.c.h; path = ElectoralCommisionAddViewController.h; sourceTree = "<group>"; };
		BA95309A1AF388030021DBF2 /* ElectoralCommisionAddViewController.m */ = {isa = PBXFileReference; fileEncoding = 4; lastKnownFileType = sourcecode.c.objc; path = ElectoralCommisionAddViewController.m; sourceTree = "<group>"; };
		BB9FAE8A1AF2CBED00200DE7 /* AbstractNavigationController.h */ = {isa = PBXFileReference; fileEncoding = 4; lastKnownFileType = sourcecode.c.h; path = AbstractNavigationController.h; sourceTree = "<group>"; };
		BB9FAE8B1AF2CBED00200DE7 /* AbstractNavigationController.m */ = {isa = PBXFileReference; fileEncoding = 4; lastKnownFileType = sourcecode.c.objc; path = AbstractNavigationController.m; sourceTree = "<group>"; };
		BB9FAE8C1AF2CBED00200DE7 /* AbstractTableViewController.h */ = {isa = PBXFileReference; fileEncoding = 4; lastKnownFileType = sourcecode.c.h; path = AbstractTableViewController.h; sourceTree = "<group>"; };
		BB9FAE8D1AF2CBED00200DE7 /* AbstractTableViewController.m */ = {isa = PBXFileReference; fileEncoding = 4; lastKnownFileType = sourcecode.c.objc; path = AbstractTableViewController.m; sourceTree = "<group>"; };
		BB9FAE8E1AF2CBED00200DE7 /* AbstractViewController.h */ = {isa = PBXFileReference; fileEncoding = 4; lastKnownFileType = sourcecode.c.h; path = AbstractViewController.h; sourceTree = "<group>"; };
		BB9FAE8F1AF2CBED00200DE7 /* AbstractViewController.m */ = {isa = PBXFileReference; fileEncoding = 4; lastKnownFileType = sourcecode.c.objc; path = AbstractViewController.m; sourceTree = "<group>"; };
		BB9FAE941AF2CD9500200DE7 /* ElectoralCommissionSelectionViewController.h */ = {isa = PBXFileReference; fileEncoding = 4; lastKnownFileType = sourcecode.c.h; path = ElectoralCommissionSelectionViewController.h; sourceTree = "<group>"; };
		BB9FAE951AF2CD9500200DE7 /* ElectoralCommissionSelectionViewController.m */ = {isa = PBXFileReference; fileEncoding = 4; lastKnownFileType = sourcecode.c.objc; path = ElectoralCommissionSelectionViewController.m; sourceTree = "<group>"; };
/* End PBXFileReference section */

/* Begin PBXFrameworksBuildPhase section */
		A13D41401AEAA3D300B0343E /* Frameworks */ = {
			isa = PBXFrameworksBuildPhase;
			buildActionMask = 2147483647;
			files = (
				144D783F90B8001E22896088 /* libPods.a in Frameworks */,
			);
			runOnlyForDeploymentPostprocessing = 0;
		};
		A13D415C1AEAA3D300B0343E /* Frameworks */ = {
			isa = PBXFrameworksBuildPhase;
			buildActionMask = 2147483647;
			files = (
			);
			runOnlyForDeploymentPostprocessing = 0;
		};
/* End PBXFrameworksBuildPhase section */

/* Begin PBXGroup section */
		4D26C32F557317B65B35E7EB /* Pods */ = {
			isa = PBXGroup;
			children = (
				2B2F6E7666B665DA884C1F93 /* Pods.debug.xcconfig */,
				51B1D3FBF9EAD05D6B420DC4 /* Pods.release.xcconfig */,
			);
			name = Pods;
			sourceTree = "<group>";
		};
		A13A4AC71AEB939E002EB070 /* Custom UI */ = {
			isa = PBXGroup;
			children = (
				A13A4AC81AEB93B5002EB070 /* Button.h */,
				A13A4AC91AEB93B5002EB070 /* Button.m */,
				A13A4ACB1AEB93D5002EB070 /* TextField.h */,
				A13A4ACC1AEB93D5002EB070 /* TextField.m */,
				BA026D4E1AF3A99C00E6CC04 /* VerticalTitleInputFieldCell.h */,
				BA026D4F1AF3A99C00E6CC04 /* VerticalTitleInputFieldCell.m */,
			);
			name = "Custom UI";
			path = ../openpkw/CustomUI;
			sourceTree = "<group>";
		};
		A13A4AE31AEBD589002EB070 /* Categories */ = {
			isa = PBXGroup;
			children = (
				A13A4AE41AEBD5B3002EB070 /* UIStoryboard+Storyboards.h */,
				A13A4AE51AEBD5B3002EB070 /* UIStoryboard+Storyboards.m */,
			);
			name = Categories;
			sourceTree = "<group>";
		};
		A13D413A1AEAA3D300B0343E = {
			isa = PBXGroup;
			children = (
				A13D41451AEAA3D300B0343E /* OpenPKW */,
				A13D41621AEAA3D300B0343E /* OpenPKWTests */,
				A13D41441AEAA3D300B0343E /* Products */,
				4D26C32F557317B65B35E7EB /* Pods */,
				CCED19F0077708AE187EB414 /* Frameworks */,
			);
			sourceTree = "<group>";
		};
		A13D41441AEAA3D300B0343E /* Products */ = {
			isa = PBXGroup;
			children = (
				A13D41431AEAA3D300B0343E /* OpenPKW.app */,
				A13D415F1AEAA3D300B0343E /* OpenPKWTests.xctest */,
			);
			name = Products;
			sourceTree = "<group>";
		};
		A13D41451AEAA3D300B0343E /* OpenPKW */ = {
			isa = PBXGroup;
			children = (
				A13D414A1AEAA3D300B0343E /* AppDelegate.h */,
				A13D414B1AEAA3D300B0343E /* AppDelegate.m */,
				A13A4AE31AEBD589002EB070 /* Categories */,
				A13D41771AEAB3D000B0343E /* Storyboards */,
				BB9FAE881AF2CBED00200DE7 /* ViewControllers */,
				A13D41761AEAB1C800B0343E /* CoreData */,
				A13A4AC71AEB939E002EB070 /* Custom UI */,
				A13D417A1AEAB41400B0343E /* Utils */,
				A13D41781AEAB3EB00B0343E /* Resources */,
				A13D41461AEAA3D300B0343E /* Supporting Files */,
			);
			path = OpenPKW;
			sourceTree = "<group>";
		};
		A13D41461AEAA3D300B0343E /* Supporting Files */ = {
			isa = PBXGroup;
			children = (
				A13D41471AEAA3D300B0343E /* Info.plist */,
				A13D41481AEAA3D300B0343E /* main.m */,
			);
			name = "Supporting Files";
			sourceTree = "<group>";
		};
		A13D41621AEAA3D300B0343E /* OpenPKWTests */ = {
			isa = PBXGroup;
			children = (
				A13D41651AEAA3D300B0343E /* OpenPKWTests.m */,
				A13D41631AEAA3D300B0343E /* Supporting Files */,
			);
			path = OpenPKWTests;
			sourceTree = "<group>";
		};
		A13D41631AEAA3D300B0343E /* Supporting Files */ = {
			isa = PBXGroup;
			children = (
				A13D41641AEAA3D300B0343E /* Info.plist */,
			);
			name = "Supporting Files";
			sourceTree = "<group>";
		};
		A13D41761AEAB1C800B0343E /* CoreData */ = {
			isa = PBXGroup;
			children = (
				A13D414D1AEAA3D300B0343E /* OpenPKW.xcdatamodeld */,
			);
			name = CoreData;
			sourceTree = "<group>";
		};
		A13D41771AEAB3D000B0343E /* Storyboards */ = {
			isa = PBXGroup;
			children = (
				A13D41531AEAA3D300B0343E /* Main.storyboard */,
				A13A4ACE1AEB9482002EB070 /* BeforeLogin.storyboard */,
				A14943F01AF00377008E62F7 /* Andrzej.storyboard */,
			);
			name = Storyboards;
			sourceTree = "<group>";
		};
		A13D41781AEAB3EB00B0343E /* Resources */ = {
			isa = PBXGroup;
			children = (
				A13D41711AEAAF7100B0343E /* OpenPKW-Data.plist */,
				A13D41561AEAA3D300B0343E /* Images.xcassets */,
			);
			name = Resources;
			sourceTree = "<group>";
		};
		A13D417A1AEAB41400B0343E /* Utils */ = {
			isa = PBXGroup;
			children = (
				A13D41731AEAAFE200B0343E /* OpenPKWData.h */,
				A13D41741AEAAFE200B0343E /* OpenPKWData.m */,
			);
			name = Utils;
			sourceTree = "<group>";
		};
		BA9530981AF387D60021DBF2 /* ElectoralCommisionAdd */ = {
			isa = PBXGroup;
			children = (
				BA9530991AF388030021DBF2 /* ElectoralCommisionAddViewController.h */,
				BA95309A1AF388030021DBF2 /* ElectoralCommisionAddViewController.m */,
			);
			name = ElectoralCommisionAdd;
			path = ../../openpkw/ViewControllers/ElectoralCommisionAdd;
			sourceTree = "<group>";
		};
		BB9FAE881AF2CBED00200DE7 /* ViewControllers */ = {
			isa = PBXGroup;
			children = (
				BB9FAE891AF2CBED00200DE7 /* Abstracts */,
				BA9530981AF387D60021DBF2 /* ElectoralCommisionAdd */,
				BB9FAE931AF2CD5200200DE7 /* ElectoralCommissionSelection */,
			);
			path = ViewControllers;
			sourceTree = "<group>";
		};
		BB9FAE891AF2CBED00200DE7 /* Abstracts */ = {
			isa = PBXGroup;
			children = (
				BB9FAE8A1AF2CBED00200DE7 /* AbstractNavigationController.h */,
				BB9FAE8B1AF2CBED00200DE7 /* AbstractNavigationController.m */,
				BB9FAE8C1AF2CBED00200DE7 /* AbstractTableViewController.h */,
				BB9FAE8D1AF2CBED00200DE7 /* AbstractTableViewController.m */,
				BB9FAE8E1AF2CBED00200DE7 /* AbstractViewController.h */,
				BB9FAE8F1AF2CBED00200DE7 /* AbstractViewController.m */,
			);
			path = Abstracts;
			sourceTree = "<group>";
		};
		BB9FAE931AF2CD5200200DE7 /* ElectoralCommissionSelection */ = {
			isa = PBXGroup;
			children = (
				BB9FAE941AF2CD9500200DE7 /* ElectoralCommissionSelectionViewController.h */,
				BB9FAE951AF2CD9500200DE7 /* ElectoralCommissionSelectionViewController.m */,
			);
			path = ElectoralCommissionSelection;
			sourceTree = "<group>";
		};
		CCED19F0077708AE187EB414 /* Frameworks */ = {
			isa = PBXGroup;
			children = (
				92EF67BCDD300ECD7EC666E6 /* libPods.a */,
			);
			name = Frameworks;
			sourceTree = "<group>";
		};
/* End PBXGroup section */

/* Begin PBXNativeTarget section */
		A13D41421AEAA3D300B0343E /* OpenPKW */ = {
			isa = PBXNativeTarget;
			buildConfigurationList = A13D41691AEAA3D300B0343E /* Build configuration list for PBXNativeTarget "OpenPKW" */;
			buildPhases = (
				F3553DA0462F117612B27372 /* Check Pods Manifest.lock */,
				A13D413F1AEAA3D300B0343E /* Sources */,
				A13D41401AEAA3D300B0343E /* Frameworks */,
				A13D41411AEAA3D300B0343E /* Resources */,
				16C1C66447C4683505E0027B /* Copy Pods Resources */,
			);
			buildRules = (
			);
			dependencies = (
			);
			name = OpenPKW;
			productName = OpenPKW;
			productReference = A13D41431AEAA3D300B0343E /* OpenPKW.app */;
			productType = "com.apple.product-type.application";
		};
		A13D415E1AEAA3D300B0343E /* OpenPKWTests */ = {
			isa = PBXNativeTarget;
			buildConfigurationList = A13D416C1AEAA3D300B0343E /* Build configuration list for PBXNativeTarget "OpenPKWTests" */;
			buildPhases = (
				A13D415B1AEAA3D300B0343E /* Sources */,
				A13D415C1AEAA3D300B0343E /* Frameworks */,
				A13D415D1AEAA3D300B0343E /* Resources */,
			);
			buildRules = (
			);
			dependencies = (
				A13D41611AEAA3D300B0343E /* PBXTargetDependency */,
			);
			name = OpenPKWTests;
			productName = OpenPKWTests;
			productReference = A13D415F1AEAA3D300B0343E /* OpenPKWTests.xctest */;
			productType = "com.apple.product-type.bundle.unit-test";
		};
/* End PBXNativeTarget section */

/* Begin PBXProject section */
		A13D413B1AEAA3D300B0343E /* Project object */ = {
			isa = PBXProject;
			attributes = {
				LastUpgradeCheck = 0630;
				ORGANIZATIONNAME = OpenPKW;
				TargetAttributes = {
					A13D41421AEAA3D300B0343E = {
						CreatedOnToolsVersion = 6.3.1;
					};
					A13D415E1AEAA3D300B0343E = {
						CreatedOnToolsVersion = 6.3.1;
						TestTargetID = A13D41421AEAA3D300B0343E;
					};
				};
			};
			buildConfigurationList = A13D413E1AEAA3D300B0343E /* Build configuration list for PBXProject "OpenPKW" */;
			compatibilityVersion = "Xcode 3.2";
			developmentRegion = English;
			hasScannedForEncodings = 0;
			knownRegions = (
				en,
				Base,
			);
			mainGroup = A13D413A1AEAA3D300B0343E;
			productRefGroup = A13D41441AEAA3D300B0343E /* Products */;
			projectDirPath = "";
			projectRoot = "";
			targets = (
				A13D41421AEAA3D300B0343E /* OpenPKW */,
				A13D415E1AEAA3D300B0343E /* OpenPKWTests */,
			);
		};
/* End PBXProject section */

/* Begin PBXResourcesBuildPhase section */
		A13D41411AEAA3D300B0343E /* Resources */ = {
			isa = PBXResourcesBuildPhase;
			buildActionMask = 2147483647;
			files = (
				A14943F11AF00377008E62F7 /* Andrzej.storyboard in Resources */,
				A13D41551AEAA3D300B0343E /* Main.storyboard in Resources */,
				A13A4ACF1AEB9482002EB070 /* BeforeLogin.storyboard in Resources */,
				A13D41571AEAA3D300B0343E /* Images.xcassets in Resources */,
				A13D41721AEAAF7100B0343E /* OpenPKW-Data.plist in Resources */,
			);
			runOnlyForDeploymentPostprocessing = 0;
		};
		A13D415D1AEAA3D300B0343E /* Resources */ = {
			isa = PBXResourcesBuildPhase;
			buildActionMask = 2147483647;
			files = (
			);
			runOnlyForDeploymentPostprocessing = 0;
		};
/* End PBXResourcesBuildPhase section */

/* Begin PBXShellScriptBuildPhase section */
		16C1C66447C4683505E0027B /* Copy Pods Resources */ = {
			isa = PBXShellScriptBuildPhase;
			buildActionMask = 2147483647;
			files = (
			);
			inputPaths = (
			);
			name = "Copy Pods Resources";
			outputPaths = (
			);
			runOnlyForDeploymentPostprocessing = 0;
			shellPath = /bin/sh;
			shellScript = "\"${SRCROOT}/Pods/Target Support Files/Pods/Pods-resources.sh\"\n";
			showEnvVarsInLog = 0;
		};
		F3553DA0462F117612B27372 /* Check Pods Manifest.lock */ = {
			isa = PBXShellScriptBuildPhase;
			buildActionMask = 2147483647;
			files = (
			);
			inputPaths = (
			);
			name = "Check Pods Manifest.lock";
			outputPaths = (
			);
			runOnlyForDeploymentPostprocessing = 0;
			shellPath = /bin/sh;
			shellScript = "diff \"${PODS_ROOT}/../Podfile.lock\" \"${PODS_ROOT}/Manifest.lock\" > /dev/null\nif [[ $? != 0 ]] ; then\n    cat << EOM\nerror: The sandbox is not in sync with the Podfile.lock. Run 'pod install' or update your CocoaPods installation.\nEOM\n    exit 1\nfi\n";
			showEnvVarsInLog = 0;
		};
/* End PBXShellScriptBuildPhase section */

/* Begin PBXSourcesBuildPhase section */
		A13D413F1AEAA3D300B0343E /* Sources */ = {
			isa = PBXSourcesBuildPhase;
			buildActionMask = 2147483647;
			files = (
				BB9FAE921AF2CBED00200DE7 /* AbstractViewController.m in Sources */,
				A13D41751AEAAFE200B0343E /* OpenPKWData.m in Sources */,
				BA026D501AF3A99C00E6CC04 /* VerticalTitleInputFieldCell.m in Sources */,
				BB9FAE901AF2CBED00200DE7 /* AbstractNavigationController.m in Sources */,
				A13A4ACA1AEB93B5002EB070 /* Button.m in Sources */,
				A13D414C1AEAA3D300B0343E /* AppDelegate.m in Sources */,
				A13D414F1AEAA3D300B0343E /* OpenPKW.xcdatamodeld in Sources */,
				BB9FAE961AF2CD9500200DE7 /* ElectoralCommissionSelectionViewController.m in Sources */,
				A13D41491AEAA3D300B0343E /* main.m in Sources */,
				A13A4AE61AEBD5B3002EB070 /* UIStoryboard+Storyboards.m in Sources */,
				BA95309B1AF388030021DBF2 /* ElectoralCommisionAddViewController.m in Sources */,
				BB9FAE911AF2CBED00200DE7 /* AbstractTableViewController.m in Sources */,
				A13A4ACD1AEB93D5002EB070 /* TextField.m in Sources */,
			);
			runOnlyForDeploymentPostprocessing = 0;
		};
		A13D415B1AEAA3D300B0343E /* Sources */ = {
			isa = PBXSourcesBuildPhase;
			buildActionMask = 2147483647;
			files = (
				A13D41661AEAA3D300B0343E /* OpenPKWTests.m in Sources */,
			);
			runOnlyForDeploymentPostprocessing = 0;
		};
/* End PBXSourcesBuildPhase section */

/* Begin PBXTargetDependency section */
		A13D41611AEAA3D300B0343E /* PBXTargetDependency */ = {
			isa = PBXTargetDependency;
			target = A13D41421AEAA3D300B0343E /* OpenPKW */;
			targetProxy = A13D41601AEAA3D300B0343E /* PBXContainerItemProxy */;
		};
/* End PBXTargetDependency section */

/* Begin PBXVariantGroup section */
		A13D41531AEAA3D300B0343E /* Main.storyboard */ = {
			isa = PBXVariantGroup;
			children = (
				A13D41541AEAA3D300B0343E /* Base */,
			);
			name = Main.storyboard;
			sourceTree = "<group>";
		};
/* End PBXVariantGroup section */

/* Begin XCBuildConfiguration section */
		A13D41671AEAA3D300B0343E /* Debug */ = {
			isa = XCBuildConfiguration;
			buildSettings = {
				ALWAYS_SEARCH_USER_PATHS = NO;
				CLANG_CXX_LANGUAGE_STANDARD = "gnu++0x";
				CLANG_CXX_LIBRARY = "libc++";
				CLANG_ENABLE_MODULES = YES;
				CLANG_ENABLE_OBJC_ARC = YES;
				CLANG_WARN_BOOL_CONVERSION = YES;
				CLANG_WARN_CONSTANT_CONVERSION = YES;
				CLANG_WARN_DIRECT_OBJC_ISA_USAGE = YES_ERROR;
				CLANG_WARN_EMPTY_BODY = YES;
				CLANG_WARN_ENUM_CONVERSION = YES;
				CLANG_WARN_INT_CONVERSION = YES;
				CLANG_WARN_OBJC_ROOT_CLASS = YES_ERROR;
				CLANG_WARN_UNREACHABLE_CODE = YES;
				CLANG_WARN__DUPLICATE_METHOD_MATCH = YES;
				"CODE_SIGN_IDENTITY[sdk=iphoneos*]" = "iPhone Developer";
				COPY_PHASE_STRIP = NO;
				DEBUG_INFORMATION_FORMAT = "dwarf-with-dsym";
				ENABLE_STRICT_OBJC_MSGSEND = YES;
				GCC_C_LANGUAGE_STANDARD = gnu99;
				GCC_DYNAMIC_NO_PIC = NO;
				GCC_NO_COMMON_BLOCKS = YES;
				GCC_OPTIMIZATION_LEVEL = 0;
				GCC_PREPROCESSOR_DEFINITIONS = (
					"DEBUG=1",
					"$(inherited)",
				);
				GCC_SYMBOLS_PRIVATE_EXTERN = NO;
				GCC_WARN_64_TO_32_BIT_CONVERSION = YES;
				GCC_WARN_ABOUT_RETURN_TYPE = YES_ERROR;
				GCC_WARN_UNDECLARED_SELECTOR = YES;
				GCC_WARN_UNINITIALIZED_AUTOS = YES_AGGRESSIVE;
				GCC_WARN_UNUSED_FUNCTION = YES;
				GCC_WARN_UNUSED_VARIABLE = YES;
				IPHONEOS_DEPLOYMENT_TARGET = 7.0;
				MTL_ENABLE_DEBUG_INFO = YES;
				ONLY_ACTIVE_ARCH = YES;
				SDKROOT = iphoneos;
			};
			name = Debug;
		};
		A13D41681AEAA3D300B0343E /* Release */ = {
			isa = XCBuildConfiguration;
			buildSettings = {
				ALWAYS_SEARCH_USER_PATHS = NO;
				CLANG_CXX_LANGUAGE_STANDARD = "gnu++0x";
				CLANG_CXX_LIBRARY = "libc++";
				CLANG_ENABLE_MODULES = YES;
				CLANG_ENABLE_OBJC_ARC = YES;
				CLANG_WARN_BOOL_CONVERSION = YES;
				CLANG_WARN_CONSTANT_CONVERSION = YES;
				CLANG_WARN_DIRECT_OBJC_ISA_USAGE = YES_ERROR;
				CLANG_WARN_EMPTY_BODY = YES;
				CLANG_WARN_ENUM_CONVERSION = YES;
				CLANG_WARN_INT_CONVERSION = YES;
				CLANG_WARN_OBJC_ROOT_CLASS = YES_ERROR;
				CLANG_WARN_UNREACHABLE_CODE = YES;
				CLANG_WARN__DUPLICATE_METHOD_MATCH = YES;
				"CODE_SIGN_IDENTITY[sdk=iphoneos*]" = "iPhone Developer";
				COPY_PHASE_STRIP = NO;
				DEBUG_INFORMATION_FORMAT = "dwarf-with-dsym";
				ENABLE_NS_ASSERTIONS = NO;
				ENABLE_STRICT_OBJC_MSGSEND = YES;
				GCC_C_LANGUAGE_STANDARD = gnu99;
				GCC_NO_COMMON_BLOCKS = YES;
				GCC_WARN_64_TO_32_BIT_CONVERSION = YES;
				GCC_WARN_ABOUT_RETURN_TYPE = YES_ERROR;
				GCC_WARN_UNDECLARED_SELECTOR = YES;
				GCC_WARN_UNINITIALIZED_AUTOS = YES_AGGRESSIVE;
				GCC_WARN_UNUSED_FUNCTION = YES;
				GCC_WARN_UNUSED_VARIABLE = YES;
				IPHONEOS_DEPLOYMENT_TARGET = 7.0;
				MTL_ENABLE_DEBUG_INFO = NO;
				SDKROOT = iphoneos;
				VALIDATE_PRODUCT = YES;
			};
			name = Release;
		};
		A13D416A1AEAA3D300B0343E /* Debug */ = {
			isa = XCBuildConfiguration;
			baseConfigurationReference = 2B2F6E7666B665DA884C1F93 /* Pods.debug.xcconfig */;
			buildSettings = {
				ASSETCATALOG_COMPILER_APPICON_NAME = AppIcon;
				INFOPLIST_FILE = OpenPKW/Info.plist;
				LD_RUNPATH_SEARCH_PATHS = "$(inherited) @executable_path/Frameworks";
				PRODUCT_NAME = "$(TARGET_NAME)";
			};
			name = Debug;
		};
		A13D416B1AEAA3D300B0343E /* Release */ = {
			isa = XCBuildConfiguration;
			baseConfigurationReference = 51B1D3FBF9EAD05D6B420DC4 /* Pods.release.xcconfig */;
			buildSettings = {
				ASSETCATALOG_COMPILER_APPICON_NAME = AppIcon;
				INFOPLIST_FILE = OpenPKW/Info.plist;
				LD_RUNPATH_SEARCH_PATHS = "$(inherited) @executable_path/Frameworks";
				PRODUCT_NAME = "$(TARGET_NAME)";
			};
			name = Release;
		};
		A13D416D1AEAA3D300B0343E /* Debug */ = {
			isa = XCBuildConfiguration;
			buildSettings = {
				BUNDLE_LOADER = "$(TEST_HOST)";
				FRAMEWORK_SEARCH_PATHS = (
					"$(SDKROOT)/Developer/Library/Frameworks",
					"$(inherited)",
				);
				GCC_PREPROCESSOR_DEFINITIONS = (
					"DEBUG=1",
					"$(inherited)",
				);
				INFOPLIST_FILE = OpenPKWTests/Info.plist;
				LD_RUNPATH_SEARCH_PATHS = "$(inherited) @executable_path/Frameworks @loader_path/Frameworks";
				PRODUCT_NAME = "$(TARGET_NAME)";
				TEST_HOST = "$(BUILT_PRODUCTS_DIR)/OpenPKW.app/OpenPKW";
			};
			name = Debug;
		};
		A13D416E1AEAA3D300B0343E /* Release */ = {
			isa = XCBuildConfiguration;
			buildSettings = {
				BUNDLE_LOADER = "$(TEST_HOST)";
				FRAMEWORK_SEARCH_PATHS = (
					"$(SDKROOT)/Developer/Library/Frameworks",
					"$(inherited)",
				);
				INFOPLIST_FILE = OpenPKWTests/Info.plist;
				LD_RUNPATH_SEARCH_PATHS = "$(inherited) @executable_path/Frameworks @loader_path/Frameworks";
				PRODUCT_NAME = "$(TARGET_NAME)";
				TEST_HOST = "$(BUILT_PRODUCTS_DIR)/OpenPKW.app/OpenPKW";
			};
			name = Release;
		};
/* End XCBuildConfiguration section */

/* Begin XCConfigurationList section */
		A13D413E1AEAA3D300B0343E /* Build configuration list for PBXProject "OpenPKW" */ = {
			isa = XCConfigurationList;
			buildConfigurations = (
				A13D41671AEAA3D300B0343E /* Debug */,
				A13D41681AEAA3D300B0343E /* Release */,
			);
			defaultConfigurationIsVisible = 0;
			defaultConfigurationName = Release;
		};
		A13D41691AEAA3D300B0343E /* Build configuration list for PBXNativeTarget "OpenPKW" */ = {
			isa = XCConfigurationList;
			buildConfigurations = (
				A13D416A1AEAA3D300B0343E /* Debug */,
				A13D416B1AEAA3D300B0343E /* Release */,
			);
			defaultConfigurationIsVisible = 0;
			defaultConfigurationName = Release;
		};
		A13D416C1AEAA3D300B0343E /* Build configuration list for PBXNativeTarget "OpenPKWTests" */ = {
			isa = XCConfigurationList;
			buildConfigurations = (
				A13D416D1AEAA3D300B0343E /* Debug */,
				A13D416E1AEAA3D300B0343E /* Release */,
			);
			defaultConfigurationIsVisible = 0;
			defaultConfigurationName = Release;
		};
/* End XCConfigurationList section */

/* Begin XCVersionGroup section */
		A13D414D1AEAA3D300B0343E /* OpenPKW.xcdatamodeld */ = {
			isa = XCVersionGroup;
			children = (
				A13D414E1AEAA3D300B0343E /* OpenPKW.xcdatamodel */,
			);
			currentVersion = A13D414E1AEAA3D300B0343E /* OpenPKW.xcdatamodel */;
			path = OpenPKW.xcdatamodeld;
			sourceTree = "<group>";
			versionGroupType = wrapper.xcdatamodel;
		};
/* End XCVersionGroup section */
	};
	rootObject = A13D413B1AEAA3D300B0343E /* Project object */;
}
